
Microsoft Visual Studio Solution File, Format Version 12.00
# Visual Studio 15
VisualStudioVersion = 15.0.27703.2035
MinimumVisualStudioVersion = 10.0.40219.1
Project("{FAE04EC0-301F-11D3-BF4B-00C04F79EFBC}") = "GmailBackupper", "GmailBackupper\GmailBackupper.csproj", "{40666E2C-0592-4220-8D74-EAF9C290D178}"
EndProject
Global
	GlobalSection(SolutionConfigurationPlatforms) = preSolution
		Debug|Any CPU = Debug|Any CPU
		Release|Any CPU = Release|Any CPU
	EndGlobalSection
	GlobalSection(ProjectConfigurationPlatforms) = postSolution
		{40666E2C-0592-4220-8D74-EAF9C290D178}.Debug|Any CPU.ActiveCfg = Debug|Any CPU
		{40666E2C-0592-4220-8D74-EAF9C290D178}.Debug|Any CPU.Build.0 = Debug|Any CPU
		{40666E2C-0592-4220-8D74-EAF9C290D178}.Release|Any CPU.ActiveCfg = Release|Any CPU
		{40666E2C-0592-4220-8D74-EAF9C290D178}.Release|Any CPU.Build.0 = Release|Any CPU
	EndGlobalSection
	GlobalSection(SolutionProperties) = preSolution
		HideSolutionNode = FALSE
	EndGlobalSection
	GlobalSection(ExtensibilityGlobals) = postSolution
		SolutionGuid = {C5BC30FB-6822-4600-92C7-2A128072A8E2}
	EndGlobalSection
EndGlobal
